
Microsoft Visual Studio Solution File, Format Version 12.00
# Visual Studio Version 17
VisualStudioVersion = 17.0.32126.317
MinimumVisualStudioVersion = 10.0.40219.1
Project("{FAE04EC0-301F-11D3-BF4B-00C04F79EFBC}") = "FirstApplication_Version1", "FirstApplication_Version1\FirstApplication_Version1.csproj", "{9EE7F808-6843-4D93-AA4F-216561A0A282}"
EndProject
Global
	GlobalSection(SolutionConfigurationPlatforms) = preSolution
		Debug|Any CPU = Debug|Any CPU
		Release|Any CPU = Release|Any CPU
	EndGlobalSection
	GlobalSection(ProjectConfigurationPlatforms) = postSolution
		{9EE7F808-6843-4D93-AA4F-216561A0A282}.Debug|Any CPU.ActiveCfg = Debug|Any CPU
		{9EE7F808-6843-4D93-AA4F-216561A0A282}.Debug|Any CPU.Build.0 = Debug|Any CPU
		{9EE7F808-6843-4D93-AA4F-216561A0A282}.Release|Any CPU.ActiveCfg = Release|Any CPU
		{9EE7F808-6843-4D93-AA4F-216561A0A282}.Release|Any CPU.Build.0 = Release|Any CPU
	EndGlobalSection
	GlobalSection(SolutionProperties) = preSolution
		HideSolutionNode = FALSE
	EndGlobalSection
	GlobalSection(ExtensibilityGlobals) = postSolution
		SolutionGuid = {1B4B8559-3C60-4C1D-979D-CE5033DAE8FC}
	EndGlobalSection
EndGlobal
